
Microsoft Visual Studio Solution File, Format Version 12.00
# Visual Studio Version 17
VisualStudioVersion = 17.0.31903.59
MinimumVisualStudioVersion = 10.0.40219.1
Project("{FAE04EC0-301F-11D3-BF4B-00C04F79EFBC}") = "StudioLE.Extensions.System", "StudioLE.Extensions.System\src\StudioLE.Extensions.System.csproj", "{5F4E8B7A-BB86-419A-B7F1-27C19158348E}"
EndProject
Project("{FAE04EC0-301F-11D3-BF4B-00C04F79EFBC}") = "StudioLE.Extensions.System.Tests", "StudioLE.Extensions.System\tests\StudioLE.Extensions.System.Tests.csproj", "{F516DF59-053A-4F61-BBAE-F2E583ACA820}"
EndProject
Project("{FAE04EC0-301F-11D3-BF4B-00C04F79EFBC}") = "StudioLE.Patterns.Abstractions", "StudioLE.Patterns.Abstractions\src\StudioLE.Patterns.Abstractions.csproj", "{D2618752-287B-4349-8B2B-7BEF9A48FAB3}"
EndProject
Project("{FAE04EC0-301F-11D3-BF4B-00C04F79EFBC}") = "StudioLE.Conversion", "StudioLE.Conversion\src\StudioLE.Conversion.csproj", "{7B5D8462-BD2C-4959-B2FF-37192D14E1F4}"
EndProject
Project("{FAE04EC0-301F-11D3-BF4B-00C04F79EFBC}") = "StudioLE.Conversion.Tests", "StudioLE.Conversion\tests\StudioLE.Conversion.Tests.csproj", "{CC15EA3A-B4A7-4C51-9B8D-73BA9C494A57}"
EndProject
Project("{FAE04EC0-301F-11D3-BF4B-00C04F79EFBC}") = "StudioLE.Serialization.Abstractions", "StudioLE.Serialization.Abstractions\src\StudioLE.Serialization.Abstractions.csproj", "{52AB8B83-D1B1-409B-8A62-BF56A2328B95}"
EndProject
Project("{FAE04EC0-301F-11D3-BF4B-00C04F79EFBC}") = "StudioLE.Results", "StudioLE.Results\src\StudioLE.Results.csproj", "{CA94E0B7-A9A9-4407-A414-D04C2A722A98}"
EndProject
Project("{FAE04EC0-301F-11D3-BF4B-00C04F79EFBC}") = "StudioLE.Core", "StudioLE.Core\src\StudioLE.Core.csproj", "{8767CF46-FCBA-4398-A4B8-70B6BA8D3558}"
EndProject
Project("{FAE04EC0-301F-11D3-BF4B-00C04F79EFBC}") = "StudioLE.Storage.Abstractions", "StudioLE.Storage.Abstractions\src\StudioLE.Storage.Abstractions.csproj", "{D56FBBAD-CD56-4C2F-A4FC-3D3850787442}"
EndProject
Project("{FAE04EC0-301F-11D3-BF4B-00C04F79EFBC}") = "StudioLE.Storage", "StudioLE.Storage\src\StudioLE.Storage.csproj", "{8327EA8F-E9C8-4834-89AC-95D38E40BA7C}"
EndProject
Project("{FAE04EC0-301F-11D3-BF4B-00C04F79EFBC}") = "StudioLE.Storage.Tests", "StudioLE.Storage\tests\StudioLE.Storage.Tests.csproj", "{CCB1B306-E763-456F-8A16-7B9141A4EBD8}"
EndProject
Project("{FAE04EC0-301F-11D3-BF4B-00C04F79EFBC}") = "StudioLE.Storage.Blob", "StudioLE.Storage.Blob\src\StudioLE.Storage.Blob.csproj", "{7DD57632-FB38-4311-A3B0-57B2E2B2B88C}"
EndProject
Project("{2150E333-8FDC-42A3-9474-1A3956D46DE8}") = "Conversion", "Conversion", "{3CDEEDF8-1123-4B0B-8BE4-E647F48D25D6}"
EndProject
Project("{2150E333-8FDC-42A3-9474-1A3956D46DE8}") = "System", "System", "{EBF0D186-4AC0-4826-B5B7-9B72DDBFCED0}"
EndProject
Project("{2150E333-8FDC-42A3-9474-1A3956D46DE8}") = "Storage", "Storage", "{C7C1DC0C-03F1-4E6F-B14C-698127E83426}"
EndProject
Project("{2150E333-8FDC-42A3-9474-1A3956D46DE8}") = "Misc", "Misc", "{FC1AC91C-B58E-41A8-AE2B-14C620090CE6}"
EndProject
Project("{2150E333-8FDC-42A3-9474-1A3956D46DE8}") = "Serialization", "Serialization", "{9DD28AA2-8EED-4F0F-BCC2-D3CA5F8A9AF5}"
EndProject
Project("{FAE04EC0-301F-11D3-BF4B-00C04F79EFBC}") = "StudioLE.Serialization", "StudioLE.Serialization\src\StudioLE.Serialization.csproj", "{1DF06B7F-C849-4F5A-93F4-92BE9001E3FB}"
EndProject
Project("{FAE04EC0-301F-11D3-BF4B-00C04F79EFBC}") = "StudioLE.Serialization.Yaml", "StudioLE.Serialization.Yaml\src\StudioLE.Serialization.Yaml.csproj", "{7F652B18-4867-4BE1-A72F-C7B1D5505058}"
EndProject
Project("{2150E333-8FDC-42A3-9474-1A3956D46DE8}") = "Logging", "Logging", "{DA85CB02-853D-4381-B6A1-B690FD488F63}"
EndProject
Project("{FAE04EC0-301F-11D3-BF4B-00C04F79EFBC}") = "StudioLE.Extensions.Logging.Console", "StudioLE.Extensions.Logging.Console\src\StudioLE.Extensions.Logging.Console.csproj", "{A3A0D456-143A-4827-AC22-2A3233BA0BD4}"
EndProject
Project("{FAE04EC0-301F-11D3-BF4B-00C04F79EFBC}") = "StudioLE.Extensions.Logging.Console.Tests", "StudioLE.Extensions.Logging.Console\tests\StudioLE.Extensions.Logging.Console.Tests.csproj", "{64E53B60-AD54-4C91-8F41-572F641FE623}"
EndProject
Project("{FAE04EC0-301F-11D3-BF4B-00C04F79EFBC}") = "StudioLE.Extensions.Logging", "StudioLE.Extensions.Logging\src\StudioLE.Extensions.Logging.csproj", "{5FB377F4-BEDD-4D97-8A1A-72A675F8532B}"
EndProject
Project("{FAE04EC0-301F-11D3-BF4B-00C04F79EFBC}") = "StudioLE.Extensions.Logging.Tests", "StudioLE.Extensions.Logging\tests\StudioLE.Extensions.Logging.Tests.csproj", "{CEEEBDEA-9A27-400A-AAA9-FE63E9F78E87}"
EndProject
Global
	GlobalSection(SolutionConfigurationPlatforms) = preSolution
		Debug|Any CPU = Debug|Any CPU
		Release|Any CPU = Release|Any CPU
	EndGlobalSection
	GlobalSection(SolutionProperties) = preSolution
		HideSolutionNode = FALSE
	EndGlobalSection
	GlobalSection(ProjectConfigurationPlatforms) = postSolution
		{5F4E8B7A-BB86-419A-B7F1-27C19158348E}.Debug|Any CPU.ActiveCfg = Debug|Any CPU
		{5F4E8B7A-BB86-419A-B7F1-27C19158348E}.Debug|Any CPU.Build.0 = Debug|Any CPU
		{5F4E8B7A-BB86-419A-B7F1-27C19158348E}.Release|Any CPU.ActiveCfg = Release|Any CPU
		{5F4E8B7A-BB86-419A-B7F1-27C19158348E}.Release|Any CPU.Build.0 = Release|Any CPU
		{F516DF59-053A-4F61-BBAE-F2E583ACA820}.Debug|Any CPU.ActiveCfg = Debug|Any CPU
		{F516DF59-053A-4F61-BBAE-F2E583ACA820}.Debug|Any CPU.Build.0 = Debug|Any CPU
		{F516DF59-053A-4F61-BBAE-F2E583ACA820}.Release|Any CPU.ActiveCfg = Release|Any CPU
		{F516DF59-053A-4F61-BBAE-F2E583ACA820}.Release|Any CPU.Build.0 = Release|Any CPU
		{D2618752-287B-4349-8B2B-7BEF9A48FAB3}.Debug|Any CPU.ActiveCfg = Debug|Any CPU
		{D2618752-287B-4349-8B2B-7BEF9A48FAB3}.Debug|Any CPU.Build.0 = Debug|Any CPU
		{D2618752-287B-4349-8B2B-7BEF9A48FAB3}.Release|Any CPU.ActiveCfg = Release|Any CPU
		{D2618752-287B-4349-8B2B-7BEF9A48FAB3}.Release|Any CPU.Build.0 = Release|Any CPU
		{7B5D8462-BD2C-4959-B2FF-37192D14E1F4}.Debug|Any CPU.ActiveCfg = Debug|Any CPU
		{7B5D8462-BD2C-4959-B2FF-37192D14E1F4}.Debug|Any CPU.Build.0 = Debug|Any CPU
		{7B5D8462-BD2C-4959-B2FF-37192D14E1F4}.Release|Any CPU.ActiveCfg = Release|Any CPU
		{7B5D8462-BD2C-4959-B2FF-37192D14E1F4}.Release|Any CPU.Build.0 = Release|Any CPU
		{CC15EA3A-B4A7-4C51-9B8D-73BA9C494A57}.Debug|Any CPU.ActiveCfg = Debug|Any CPU
		{CC15EA3A-B4A7-4C51-9B8D-73BA9C494A57}.Debug|Any CPU.Build.0 = Debug|Any CPU
		{CC15EA3A-B4A7-4C51-9B8D-73BA9C494A57}.Release|Any CPU.ActiveCfg = Release|Any CPU
		{CC15EA3A-B4A7-4C51-9B8D-73BA9C494A57}.Release|Any CPU.Build.0 = Release|Any CPU
		{52AB8B83-D1B1-409B-8A62-BF56A2328B95}.Debug|Any CPU.ActiveCfg = Debug|Any CPU
		{52AB8B83-D1B1-409B-8A62-BF56A2328B95}.Debug|Any CPU.Build.0 = Debug|Any CPU
		{52AB8B83-D1B1-409B-8A62-BF56A2328B95}.Release|Any CPU.ActiveCfg = Release|Any CPU
		{52AB8B83-D1B1-409B-8A62-BF56A2328B95}.Release|Any CPU.Build.0 = Release|Any CPU
		{CA94E0B7-A9A9-4407-A414-D04C2A722A98}.Debug|Any CPU.ActiveCfg = Debug|Any CPU
		{CA94E0B7-A9A9-4407-A414-D04C2A722A98}.Debug|Any CPU.Build.0 = Debug|Any CPU
		{CA94E0B7-A9A9-4407-A414-D04C2A722A98}.Release|Any CPU.ActiveCfg = Release|Any CPU
		{CA94E0B7-A9A9-4407-A414-D04C2A722A98}.Release|Any CPU.Build.0 = Release|Any CPU
		{8767CF46-FCBA-4398-A4B8-70B6BA8D3558}.Debug|Any CPU.ActiveCfg = Debug|Any CPU
		{8767CF46-FCBA-4398-A4B8-70B6BA8D3558}.Debug|Any CPU.Build.0 = Debug|Any CPU
		{8767CF46-FCBA-4398-A4B8-70B6BA8D3558}.Release|Any CPU.ActiveCfg = Release|Any CPU
		{8767CF46-FCBA-4398-A4B8-70B6BA8D3558}.Release|Any CPU.Build.0 = Release|Any CPU
		{D56FBBAD-CD56-4C2F-A4FC-3D3850787442}.Debug|Any CPU.ActiveCfg = Debug|Any CPU
		{D56FBBAD-CD56-4C2F-A4FC-3D3850787442}.Debug|Any CPU.Build.0 = Debug|Any CPU
		{D56FBBAD-CD56-4C2F-A4FC-3D3850787442}.Release|Any CPU.ActiveCfg = Release|Any CPU
		{D56FBBAD-CD56-4C2F-A4FC-3D3850787442}.Release|Any CPU.Build.0 = Release|Any CPU
		{8327EA8F-E9C8-4834-89AC-95D38E40BA7C}.Debug|Any CPU.ActiveCfg = Debug|Any CPU
		{8327EA8F-E9C8-4834-89AC-95D38E40BA7C}.Debug|Any CPU.Build.0 = Debug|Any CPU
		{8327EA8F-E9C8-4834-89AC-95D38E40BA7C}.Release|Any CPU.ActiveCfg = Release|Any CPU
		{8327EA8F-E9C8-4834-89AC-95D38E40BA7C}.Release|Any CPU.Build.0 = Release|Any CPU
		{CCB1B306-E763-456F-8A16-7B9141A4EBD8}.Debug|Any CPU.ActiveCfg = Debug|Any CPU
		{CCB1B306-E763-456F-8A16-7B9141A4EBD8}.Debug|Any CPU.Build.0 = Debug|Any CPU
		{CCB1B306-E763-456F-8A16-7B9141A4EBD8}.Release|Any CPU.ActiveCfg = Release|Any CPU
		{CCB1B306-E763-456F-8A16-7B9141A4EBD8}.Release|Any CPU.Build.0 = Release|Any CPU
		{7DD57632-FB38-4311-A3B0-57B2E2B2B88C}.Debug|Any CPU.ActiveCfg = Debug|Any CPU
		{7DD57632-FB38-4311-A3B0-57B2E2B2B88C}.Debug|Any CPU.Build.0 = Debug|Any CPU
		{7DD57632-FB38-4311-A3B0-57B2E2B2B88C}.Release|Any CPU.ActiveCfg = Release|Any CPU
		{7DD57632-FB38-4311-A3B0-57B2E2B2B88C}.Release|Any CPU.Build.0 = Release|Any CPU
		{1DF06B7F-C849-4F5A-93F4-92BE9001E3FB}.Debug|Any CPU.ActiveCfg = Debug|Any CPU
		{1DF06B7F-C849-4F5A-93F4-92BE9001E3FB}.Debug|Any CPU.Build.0 = Debug|Any CPU
		{1DF06B7F-C849-4F5A-93F4-92BE9001E3FB}.Release|Any CPU.ActiveCfg = Release|Any CPU
		{1DF06B7F-C849-4F5A-93F4-92BE9001E3FB}.Release|Any CPU.Build.0 = Release|Any CPU
		{7F652B18-4867-4BE1-A72F-C7B1D5505058}.Debug|Any CPU.ActiveCfg = Debug|Any CPU
		{7F652B18-4867-4BE1-A72F-C7B1D5505058}.Debug|Any CPU.Build.0 = Debug|Any CPU
		{7F652B18-4867-4BE1-A72F-C7B1D5505058}.Release|Any CPU.ActiveCfg = Release|Any CPU
		{7F652B18-4867-4BE1-A72F-C7B1D5505058}.Release|Any CPU.Build.0 = Release|Any CPU
		{A3A0D456-143A-4827-AC22-2A3233BA0BD4}.Debug|Any CPU.ActiveCfg = Debug|Any CPU
		{A3A0D456-143A-4827-AC22-2A3233BA0BD4}.Debug|Any CPU.Build.0 = Debug|Any CPU
		{A3A0D456-143A-4827-AC22-2A3233BA0BD4}.Release|Any CPU.ActiveCfg = Release|Any CPU
		{A3A0D456-143A-4827-AC22-2A3233BA0BD4}.Release|Any CPU.Build.0 = Release|Any CPU
		{64E53B60-AD54-4C91-8F41-572F641FE623}.Debug|Any CPU.ActiveCfg = Debug|Any CPU
		{64E53B60-AD54-4C91-8F41-572F641FE623}.Debug|Any CPU.Build.0 = Debug|Any CPU
		{64E53B60-AD54-4C91-8F41-572F641FE623}.Release|Any CPU.ActiveCfg = Release|Any CPU
		{64E53B60-AD54-4C91-8F41-572F641FE623}.Release|Any CPU.Build.0 = Release|Any CPU
		{5FB377F4-BEDD-4D97-8A1A-72A675F8532B}.Debug|Any CPU.ActiveCfg = Debug|Any CPU
		{5FB377F4-BEDD-4D97-8A1A-72A675F8532B}.Debug|Any CPU.Build.0 = Debug|Any CPU
		{5FB377F4-BEDD-4D97-8A1A-72A675F8532B}.Release|Any CPU.ActiveCfg = Release|Any CPU
		{5FB377F4-BEDD-4D97-8A1A-72A675F8532B}.Release|Any CPU.Build.0 = Release|Any CPU
		{CEEEBDEA-9A27-400A-AAA9-FE63E9F78E87}.Debug|Any CPU.ActiveCfg = Debug|Any CPU
		{CEEEBDEA-9A27-400A-AAA9-FE63E9F78E87}.Debug|Any CPU.Build.0 = Debug|Any CPU
		{CEEEBDEA-9A27-400A-AAA9-FE63E9F78E87}.Release|Any CPU.ActiveCfg = Release|Any CPU
		{CEEEBDEA-9A27-400A-AAA9-FE63E9F78E87}.Release|Any CPU.Build.0 = Release|Any CPU
	EndGlobalSection
	GlobalSection(NestedProjects) = preSolution
		{7B5D8462-BD2C-4959-B2FF-37192D14E1F4} = {3CDEEDF8-1123-4B0B-8BE4-E647F48D25D6}
		{CC15EA3A-B4A7-4C51-9B8D-73BA9C494A57} = {3CDEEDF8-1123-4B0B-8BE4-E647F48D25D6}
		{5F4E8B7A-BB86-419A-B7F1-27C19158348E} = {EBF0D186-4AC0-4826-B5B7-9B72DDBFCED0}
		{F516DF59-053A-4F61-BBAE-F2E583ACA820} = {EBF0D186-4AC0-4826-B5B7-9B72DDBFCED0}
		{8327EA8F-E9C8-4834-89AC-95D38E40BA7C} = {C7C1DC0C-03F1-4E6F-B14C-698127E83426}
		{D56FBBAD-CD56-4C2F-A4FC-3D3850787442} = {C7C1DC0C-03F1-4E6F-B14C-698127E83426}
		{7DD57632-FB38-4311-A3B0-57B2E2B2B88C} = {C7C1DC0C-03F1-4E6F-B14C-698127E83426}
		{CCB1B306-E763-456F-8A16-7B9141A4EBD8} = {C7C1DC0C-03F1-4E6F-B14C-698127E83426}
		{D2618752-287B-4349-8B2B-7BEF9A48FAB3} = {FC1AC91C-B58E-41A8-AE2B-14C620090CE6}
		{CA94E0B7-A9A9-4407-A414-D04C2A722A98} = {FC1AC91C-B58E-41A8-AE2B-14C620090CE6}
		{52AB8B83-D1B1-409B-8A62-BF56A2328B95} = {9DD28AA2-8EED-4F0F-BCC2-D3CA5F8A9AF5}
		{8767CF46-FCBA-4398-A4B8-70B6BA8D3558} = {FC1AC91C-B58E-41A8-AE2B-14C620090CE6}
		{1DF06B7F-C849-4F5A-93F4-92BE9001E3FB} = {9DD28AA2-8EED-4F0F-BCC2-D3CA5F8A9AF5}
		{7F652B18-4867-4BE1-A72F-C7B1D5505058} = {9DD28AA2-8EED-4F0F-BCC2-D3CA5F8A9AF5}
		{A3A0D456-143A-4827-AC22-2A3233BA0BD4} = {DA85CB02-853D-4381-B6A1-B690FD488F63}
		{64E53B60-AD54-4C91-8F41-572F641FE623} = {DA85CB02-853D-4381-B6A1-B690FD488F63}
		{5FB377F4-BEDD-4D97-8A1A-72A675F8532B} = {DA85CB02-853D-4381-B6A1-B690FD488F63}
		{CEEEBDEA-9A27-400A-AAA9-FE63E9F78E87} = {DA85CB02-853D-4381-B6A1-B690FD488F63}
	EndGlobalSection
EndGlobal
