
Microsoft Visual Studio Solution File, Format Version 12.00
# Visual Studio Version 17
VisualStudioVersion = 17.0.31903.59
MinimumVisualStudioVersion = 10.0.40219.1
Project("{FAE04EC0-301F-11D3-BF4B-00C04F79EFBC}") = "StudioLE.Core", "StudioLE.Core\src\StudioLE.Core.csproj", "{AA4C382F-D586-47B9-A56C-9FA6FA04B2BA}"
EndProject
Project("{FAE04EC0-301F-11D3-BF4B-00C04F79EFBC}") = "StudioLE.Core.Tests", "StudioLE.Core\tests\StudioLE.Core.Tests.csproj", "{DA7AF7AA-2D39-468C-96EA-32785B4FD623}"
EndProject
Project("{FAE04EC0-301F-11D3-BF4B-00C04F79EFBC}") = "StudioLE.Extensions.System", "StudioLE.Extensions.System\src\StudioLE.Extensions.System.csproj", "{5F4E8B7A-BB86-419A-B7F1-27C19158348E}"
EndProject
Project("{FAE04EC0-301F-11D3-BF4B-00C04F79EFBC}") = "StudioLE.Extensions.System.Tests", "StudioLE.Extensions.System\tests\StudioLE.Extensions.System.Tests.csproj", "{F516DF59-053A-4F61-BBAE-F2E583ACA820}"
EndProject
Project("{FAE04EC0-301F-11D3-BF4B-00C04F79EFBC}") = "StudioLE.Patterns.Abstractions", "StudioLE.Patterns.Abstractions\src\StudioLE.Patterns.Abstractions.csproj", "{D2618752-287B-4349-8B2B-7BEF9A48FAB3}"
EndProject
Project("{FAE04EC0-301F-11D3-BF4B-00C04F79EFBC}") = "StudioLE.Conversion", "StudioLE.Conversion\src\StudioLE.Conversion.csproj", "{7B5D8462-BD2C-4959-B2FF-37192D14E1F4}"
EndProject
Project("{FAE04EC0-301F-11D3-BF4B-00C04F79EFBC}") = "StudioLE.Conversion.Tests", "StudioLE.Conversion\tests\StudioLE.Conversion.Tests.csproj", "{CC15EA3A-B4A7-4C51-9B8D-73BA9C494A57}"
EndProject
Global
	GlobalSection(SolutionConfigurationPlatforms) = preSolution
		Debug|Any CPU = Debug|Any CPU
		Release|Any CPU = Release|Any CPU
	EndGlobalSection
	GlobalSection(SolutionProperties) = preSolution
		HideSolutionNode = FALSE
	EndGlobalSection
	GlobalSection(ProjectConfigurationPlatforms) = postSolution
		{AA4C382F-D586-47B9-A56C-9FA6FA04B2BA}.Debug|Any CPU.ActiveCfg = Debug|Any CPU
		{AA4C382F-D586-47B9-A56C-9FA6FA04B2BA}.Debug|Any CPU.Build.0 = Debug|Any CPU
		{AA4C382F-D586-47B9-A56C-9FA6FA04B2BA}.Release|Any CPU.ActiveCfg = Release|Any CPU
		{AA4C382F-D586-47B9-A56C-9FA6FA04B2BA}.Release|Any CPU.Build.0 = Release|Any CPU
		{DA7AF7AA-2D39-468C-96EA-32785B4FD623}.Debug|Any CPU.ActiveCfg = Debug|Any CPU
		{DA7AF7AA-2D39-468C-96EA-32785B4FD623}.Debug|Any CPU.Build.0 = Debug|Any CPU
		{DA7AF7AA-2D39-468C-96EA-32785B4FD623}.Release|Any CPU.ActiveCfg = Release|Any CPU
		{DA7AF7AA-2D39-468C-96EA-32785B4FD623}.Release|Any CPU.Build.0 = Release|Any CPU
		{5F4E8B7A-BB86-419A-B7F1-27C19158348E}.Debug|Any CPU.ActiveCfg = Debug|Any CPU
		{5F4E8B7A-BB86-419A-B7F1-27C19158348E}.Debug|Any CPU.Build.0 = Debug|Any CPU
		{5F4E8B7A-BB86-419A-B7F1-27C19158348E}.Release|Any CPU.ActiveCfg = Release|Any CPU
		{5F4E8B7A-BB86-419A-B7F1-27C19158348E}.Release|Any CPU.Build.0 = Release|Any CPU
		{F516DF59-053A-4F61-BBAE-F2E583ACA820}.Debug|Any CPU.ActiveCfg = Debug|Any CPU
		{F516DF59-053A-4F61-BBAE-F2E583ACA820}.Debug|Any CPU.Build.0 = Debug|Any CPU
		{F516DF59-053A-4F61-BBAE-F2E583ACA820}.Release|Any CPU.ActiveCfg = Release|Any CPU
		{F516DF59-053A-4F61-BBAE-F2E583ACA820}.Release|Any CPU.Build.0 = Release|Any CPU
		{D2618752-287B-4349-8B2B-7BEF9A48FAB3}.Debug|Any CPU.ActiveCfg = Debug|Any CPU
		{D2618752-287B-4349-8B2B-7BEF9A48FAB3}.Debug|Any CPU.Build.0 = Debug|Any CPU
		{D2618752-287B-4349-8B2B-7BEF9A48FAB3}.Release|Any CPU.ActiveCfg = Release|Any CPU
		{D2618752-287B-4349-8B2B-7BEF9A48FAB3}.Release|Any CPU.Build.0 = Release|Any CPU
		{7B5D8462-BD2C-4959-B2FF-37192D14E1F4}.Debug|Any CPU.ActiveCfg = Debug|Any CPU
		{7B5D8462-BD2C-4959-B2FF-37192D14E1F4}.Debug|Any CPU.Build.0 = Debug|Any CPU
		{7B5D8462-BD2C-4959-B2FF-37192D14E1F4}.Release|Any CPU.ActiveCfg = Release|Any CPU
		{7B5D8462-BD2C-4959-B2FF-37192D14E1F4}.Release|Any CPU.Build.0 = Release|Any CPU
		{CC15EA3A-B4A7-4C51-9B8D-73BA9C494A57}.Debug|Any CPU.ActiveCfg = Debug|Any CPU
		{CC15EA3A-B4A7-4C51-9B8D-73BA9C494A57}.Debug|Any CPU.Build.0 = Debug|Any CPU
		{CC15EA3A-B4A7-4C51-9B8D-73BA9C494A57}.Release|Any CPU.ActiveCfg = Release|Any CPU
		{CC15EA3A-B4A7-4C51-9B8D-73BA9C494A57}.Release|Any CPU.Build.0 = Release|Any CPU
	EndGlobalSection
EndGlobal
